// !$*UTF8*$!
{
	archiveVersion = 1;
	classes = {
	};
	objectVersion = 56;
	objects = {

/* Begin PBXBuildFile section */
		E625E40B2B65422F00CB9DD2 /* ItemListservice.swift in Sources */ = {isa = PBXBuildFile; fileRef = E625E40A2B65422F00CB9DD2 /* ItemListservice.swift */; };
		E625E40E2B65427F00CB9DD2 /* Item.swift in Sources */ = {isa = PBXBuildFile; fileRef = E625E40D2B65427F00CB9DD2 /* Item.swift */; };
		E625E4102B6542E300CB9DD2 /* ItemViewModel.swift in Sources */ = {isa = PBXBuildFile; fileRef = E625E40F2B6542E300CB9DD2 /* ItemViewModel.swift */; };
		E69E34AF2B63727300C02167 /* TapToShopApp.swift in Sources */ = {isa = PBXBuildFile; fileRef = E69E34AE2B63727300C02167 /* TapToShopApp.swift */; };
		E69E34B12B63727300C02167 /* ItemListView.swift in Sources */ = {isa = PBXBuildFile; fileRef = E69E34B02B63727300C02167 /* ItemListView.swift */; };
		E69E34B32B63727500C02167 /* Assets.xcassets in Resources */ = {isa = PBXBuildFile; fileRef = E69E34B22B63727500C02167 /* Assets.xcassets */; };
		E69E34B62B63727500C02167 /* Preview Assets.xcassets in Resources */ = {isa = PBXBuildFile; fileRef = E69E34B52B63727500C02167 /* Preview Assets.xcassets */; };
		E69E34BE2B63732B00C02167 /* HttpHandler.swift in Sources */ = {isa = PBXBuildFile; fileRef = E69E34BD2B63732B00C02167 /* HttpHandler.swift */; };
/* End PBXBuildFile section */

/* Begin PBXFileReference section */
		E625E40A2B65422F00CB9DD2 /* ItemListservice.swift */ = {isa = PBXFileReference; lastKnownFileType = sourcecode.swift; path = ItemListservice.swift; sourceTree = "<group>"; };
		E625E40D2B65427F00CB9DD2 /* Item.swift */ = {isa = PBXFileReference; lastKnownFileType = sourcecode.swift; path = Item.swift; sourceTree = "<group>"; };
		E625E40F2B6542E300CB9DD2 /* ItemViewModel.swift */ = {isa = PBXFileReference; lastKnownFileType = sourcecode.swift; path = ItemViewModel.swift; sourceTree = "<group>"; };
		E69E34AB2B63727300C02167 /* TapToShop.app */ = {isa = PBXFileReference; explicitFileType = wrapper.application; includeInIndex = 0; path = TapToShop.app; sourceTree = BUILT_PRODUCTS_DIR; };
		E69E34AE2B63727300C02167 /* TapToShopApp.swift */ = {isa = PBXFileReference; lastKnownFileType = sourcecode.swift; path = TapToShopApp.swift; sourceTree = "<group>"; };
		E69E34B02B63727300C02167 /* ItemListView.swift */ = {isa = PBXFileReference; lastKnownFileType = sourcecode.swift; path = ItemListView.swift; sourceTree = "<group>"; };
		E69E34B22B63727500C02167 /* Assets.xcassets */ = {isa = PBXFileReference; lastKnownFileType = folder.assetcatalog; path = Assets.xcassets; sourceTree = "<group>"; };
		E69E34B52B63727500C02167 /* Preview Assets.xcassets */ = {isa = PBXFileReference; lastKnownFileType = folder.assetcatalog; path = "Preview Assets.xcassets"; sourceTree = "<group>"; };
		E69E34BD2B63732B00C02167 /* HttpHandler.swift */ = {isa = PBXFileReference; lastKnownFileType = sourcecode.swift; path = HttpHandler.swift; sourceTree = "<group>"; };
/* End PBXFileReference section */

/* Begin PBXFrameworksBuildPhase section */
		E69E34A82B63727300C02167 /* Frameworks */ = {
			isa = PBXFrameworksBuildPhase;
			buildActionMask = 2147483647;
			files = (
			);
			runOnlyForDeploymentPostprocessing = 0;
		};
/* End PBXFrameworksBuildPhase section */

/* Begin PBXGroup section */
		E625E4092B64174E00CB9DD2 /* Product Module */ = {
			isa = PBXGroup;
			children = (
				E625E40C2B65427600CB9DD2 /* Models */,
				E69E34B02B63727300C02167 /* ItemListView.swift */,
				E625E40A2B65422F00CB9DD2 /* ItemListservice.swift */,
				E625E40F2B6542E300CB9DD2 /* ItemViewModel.swift */,
			);
			path = "Product Module";
			sourceTree = "<group>";
		};
		E625E40C2B65427600CB9DD2 /* Models */ = {
			isa = PBXGroup;
			children = (
				E625E40D2B65427F00CB9DD2 /* Item.swift */,
			);
			path = Models;
			sourceTree = "<group>";
		};
		E69E34A22B63727300C02167 = {
			isa = PBXGroup;
			children = (
				E625E4092B64174E00CB9DD2 /* Product Module */,
				E69E34AD2B63727300C02167 /* TapToShop */,
				E69E34AC2B63727300C02167 /* Products */,
			);
			sourceTree = "<group>";
		};
		E69E34AC2B63727300C02167 /* Products */ = {
			isa = PBXGroup;
			children = (
				E69E34AB2B63727300C02167 /* TapToShop.app */,
			);
			name = Products;
			sourceTree = "<group>";
		};
		E69E34AD2B63727300C02167 /* TapToShop */ = {
			isa = PBXGroup;
			children = (
				E69E34BC2B63730E00C02167 /* Http Layer */,
				E69E34AE2B63727300C02167 /* TapToShopApp.swift */,
				E69E34B22B63727500C02167 /* Assets.xcassets */,
				E69E34B42B63727500C02167 /* Preview Content */,
			);
			path = TapToShop;
			sourceTree = "<group>";
		};
		E69E34B42B63727500C02167 /* Preview Content */ = {
			isa = PBXGroup;
			children = (
				E69E34B52B63727500C02167 /* Preview Assets.xcassets */,
			);
			path = "Preview Content";
			sourceTree = "<group>";
		};
		E69E34BC2B63730E00C02167 /* Http Layer */ = {
			isa = PBXGroup;
			children = (
				E69E34BD2B63732B00C02167 /* HttpHandler.swift */,
			);
			path = "Http Layer";
			sourceTree = "<group>";
		};
/* End PBXGroup section */

/* Begin PBXNativeTarget section */
		E69E34AA2B63727300C02167 /* TapToShop */ = {
			isa = PBXNativeTarget;
			buildConfigurationList = E69E34B92B63727500C02167 /* Build configuration list for PBXNativeTarget "TapToShop" */;
			buildPhases = (
				E69E34A72B63727300C02167 /* Sources */,
				E69E34A82B63727300C02167 /* Frameworks */,
				E69E34A92B63727300C02167 /* Resources */,
			);
			buildRules = (
			);
			dependencies = (
			);
			name = TapToShop;
			productName = TapToShop;
			productReference = E69E34AB2B63727300C02167 /* TapToShop.app */;
			productType = "com.apple.product-type.application";
		};
/* End PBXNativeTarget section */

/* Begin PBXProject section */
		E69E34A32B63727300C02167 /* Project object */ = {
			isa = PBXProject;
			attributes = {
				BuildIndependentTargetsInParallel = 1;
				LastSwiftUpdateCheck = 1520;
				LastUpgradeCheck = 1520;
				TargetAttributes = {
					E69E34AA2B63727300C02167 = {
						CreatedOnToolsVersion = 15.2;
					};
				};
			};
			buildConfigurationList = E69E34A62B63727300C02167 /* Build configuration list for PBXProject "TapToShop" */;
			compatibilityVersion = "Xcode 14.0";
			developmentRegion = en;
			hasScannedForEncodings = 0;
			knownRegions = (
				en,
				Base,
			);
			mainGroup = E69E34A22B63727300C02167;
			productRefGroup = E69E34AC2B63727300C02167 /* Products */;
			projectDirPath = "";
			projectRoot = "";
			targets = (
				E69E34AA2B63727300C02167 /* TapToShop */,
			);
		};
/* End PBXProject section */

/* Begin PBXResourcesBuildPhase section */
		E69E34A92B63727300C02167 /* Resources */ = {
			isa = PBXResourcesBuildPhase;
			buildActionMask = 2147483647;
			files = (
				E69E34B62B63727500C02167 /* Preview Assets.xcassets in Resources */,
				E69E34B32B63727500C02167 /* Assets.xcassets in Resources */,
			);
			runOnlyForDeploymentPostprocessing = 0;
		};
/* End PBXResourcesBuildPhase section */

/* Begin PBXSourcesBuildPhase section */
		E69E34A72B63727300C02167 /* Sources */ = {
			isa = PBXSourcesBuildPhase;
			buildActionMask = 2147483647;
			files = (
				E625E40E2B65427F00CB9DD2 /* Item.swift in Sources */,
				E625E40B2B65422F00CB9DD2 /* ItemListservice.swift in Sources */,
				E69E34B12B63727300C02167 /* ItemListView.swift in Sources */,
				E69E34BE2B63732B00C02167 /* HttpHandler.swift in Sources */,
				E69E34AF2B63727300C02167 /* TapToShopApp.swift in Sources */,
				E625E4102B6542E300CB9DD2 /* ItemViewModel.swift in Sources */,
			);
			runOnlyForDeploymentPostprocessing = 0;
		};
/* End PBXSourcesBuildPhase section */

/* Begin XCBuildConfiguration section */
		E69E34B72B63727500C02167 /* Debug */ = {
			isa = XCBuildConfiguration;
			buildSettings = {
				ALWAYS_SEARCH_USER_PATHS = NO;
				ASSETCATALOG_COMPILER_GENERATE_SWIFT_ASSET_SYMBOL_EXTENSIONS = YES;
				CLANG_ANALYZER_NONNULL = YES;
				CLANG_ANALYZER_NUMBER_OBJECT_CONVERSION = YES_AGGRESSIVE;
				CLANG_CXX_LANGUAGE_STANDARD = "gnu++20";
				CLANG_ENABLE_MODULES = YES;
				CLANG_ENABLE_OBJC_ARC = YES;
				CLANG_ENABLE_OBJC_WEAK = YES;
				CLANG_WARN_BLOCK_CAPTURE_AUTORELEASING = YES;
				CLANG_WARN_BOOL_CONVERSION = YES;
				CLANG_WARN_COMMA = YES;
				CLANG_WARN_CONSTANT_CONVERSION = YES;
				CLANG_WARN_DEPRECATED_OBJC_IMPLEMENTATIONS = YES;
				CLANG_WARN_DIRECT_OBJC_ISA_USAGE = YES_ERROR;
				CLANG_WARN_DOCUMENTATION_COMMENTS = YES;
				CLANG_WARN_EMPTY_BODY = YES;
				CLANG_WARN_ENUM_CONVERSION = YES;
				CLANG_WARN_INFINITE_RECURSION = YES;
				CLANG_WARN_INT_CONVERSION = YES;
				CLANG_WARN_NON_LITERAL_NULL_CONVERSION = YES;
				CLANG_WARN_OBJC_IMPLICIT_RETAIN_SELF = YES;
				CLANG_WARN_OBJC_LITERAL_CONVERSION = YES;
				CLANG_WARN_OBJC_ROOT_CLASS = YES_ERROR;
				CLANG_WARN_QUOTED_INCLUDE_IN_FRAMEWORK_HEADER = YES;
				CLANG_WARN_RANGE_LOOP_ANALYSIS = YES;
				CLANG_WARN_STRICT_PROTOTYPES = YES;
				CLANG_WARN_SUSPICIOUS_MOVE = YES;
				CLANG_WARN_UNGUARDED_AVAILABILITY = YES_AGGRESSIVE;
				CLANG_WARN_UNREACHABLE_CODE = YES;
				CLANG_WARN__DUPLICATE_METHOD_MATCH = YES;
				COPY_PHASE_STRIP = NO;
				DEBUG_INFORMATION_FORMAT = dwarf;
				ENABLE_STRICT_OBJC_MSGSEND = YES;
				ENABLE_TESTABILITY = YES;
				ENABLE_USER_SCRIPT_SANDBOXING = YES;
				GCC_C_LANGUAGE_STANDARD = gnu17;
				GCC_DYNAMIC_NO_PIC = NO;
				GCC_NO_COMMON_BLOCKS = YES;
				GCC_OPTIMIZATION_LEVEL = 0;
				GCC_PREPROCESSOR_DEFINITIONS = (
					"DEBUG=1",
					"$(inherited)",
				);
				GCC_WARN_64_TO_32_BIT_CONVERSION = YES;
				GCC_WARN_ABOUT_RETURN_TYPE = YES_ERROR;
				GCC_WARN_UNDECLARED_SELECTOR = YES;
				GCC_WARN_UNINITIALIZED_AUTOS = YES_AGGRESSIVE;
				GCC_WARN_UNUSED_FUNCTION = YES;
				GCC_WARN_UNUSED_VARIABLE = YES;
				IPHONEOS_DEPLOYMENT_TARGET = 17.2;
				LOCALIZATION_PREFERS_STRING_CATALOGS = YES;
				MTL_ENABLE_DEBUG_INFO = INCLUDE_SOURCE;
				MTL_FAST_MATH = YES;
				ONLY_ACTIVE_ARCH = YES;
				SDKROOT = iphoneos;
				SWIFT_ACTIVE_COMPILATION_CONDITIONS = "DEBUG $(inherited)";
				SWIFT_OPTIMIZATION_LEVEL = "-Onone";
			};
			name = Debug;
		};
		E69E34B82B63727500C02167 /* Release */ = {
			isa = XCBuildConfiguration;
			buildSettings = {
				ALWAYS_SEARCH_USER_PATHS = NO;
				ASSETCATALOG_COMPILER_GENERATE_SWIFT_ASSET_SYMBOL_EXTENSIONS = YES;
				CLANG_ANALYZER_NONNULL = YES;
				CLANG_ANALYZER_NUMBER_OBJECT_CONVERSION = YES_AGGRESSIVE;
				CLANG_CXX_LANGUAGE_STANDARD = "gnu++20";
				CLANG_ENABLE_MODULES = YES;
				CLANG_ENABLE_OBJC_ARC = YES;
				CLANG_ENABLE_OBJC_WEAK = YES;
				CLANG_WARN_BLOCK_CAPTURE_AUTORELEASING = YES;
				CLANG_WARN_BOOL_CONVERSION = YES;
				CLANG_WARN_COMMA = YES;
				CLANG_WARN_CONSTANT_CONVERSION = YES;
				CLANG_WARN_DEPRECATED_OBJC_IMPLEMENTATIONS = YES;
				CLANG_WARN_DIRECT_OBJC_ISA_USAGE = YES_ERROR;
				CLANG_WARN_DOCUMENTATION_COMMENTS = YES;
				CLANG_WARN_EMPTY_BODY = YES;
				CLANG_WARN_ENUM_CONVERSION = YES;
				CLANG_WARN_INFINITE_RECURSION = YES;
				CLANG_WARN_INT_CONVERSION = YES;
				CLANG_WARN_NON_LITERAL_NULL_CONVERSION = YES;
				CLANG_WARN_OBJC_IMPLICIT_RETAIN_SELF = YES;
				CLANG_WARN_OBJC_LITERAL_CONVERSION = YES;
				CLANG_WARN_OBJC_ROOT_CLASS = YES_ERROR;
				CLANG_WARN_QUOTED_INCLUDE_IN_FRAMEWORK_HEADER = YES;
				CLANG_WARN_RANGE_LOOP_ANALYSIS = YES;
				CLANG_WARN_STRICT_PROTOTYPES = YES;
				CLANG_WARN_SUSPICIOUS_MOVE = YES;
				CLANG_WARN_UNGUARDED_AVAILABILITY = YES_AGGRESSIVE;
				CLANG_WARN_UNREACHABLE_CODE = YES;
				CLANG_WARN__DUPLICATE_METHOD_MATCH = YES;
				COPY_PHASE_STRIP = NO;
				DEBUG_INFORMATION_FORMAT = "dwarf-with-dsym";
				ENABLE_NS_ASSERTIONS = NO;
				ENABLE_STRICT_OBJC_MSGSEND = YES;
				ENABLE_USER_SCRIPT_SANDBOXING = YES;
				GCC_C_LANGUAGE_STANDARD = gnu17;
				GCC_NO_COMMON_BLOCKS = YES;
				GCC_WARN_64_TO_32_BIT_CONVERSION = YES;
				GCC_WARN_ABOUT_RETURN_TYPE = YES_ERROR;
				GCC_WARN_UNDECLARED_SELECTOR = YES;
				GCC_WARN_UNINITIALIZED_AUTOS = YES_AGGRESSIVE;
				GCC_WARN_UNUSED_FUNCTION = YES;
				GCC_WARN_UNUSED_VARIABLE = YES;
				IPHONEOS_DEPLOYMENT_TARGET = 17.2;
				LOCALIZATION_PREFERS_STRING_CATALOGS = YES;
				MTL_ENABLE_DEBUG_INFO = NO;
				MTL_FAST_MATH = YES;
				SDKROOT = iphoneos;
				SWIFT_COMPILATION_MODE = wholemodule;
				VALIDATE_PRODUCT = YES;
			};
			name = Release;
		};
		E69E34BA2B63727500C02167 /* Debug */ = {
			isa = XCBuildConfiguration;
			buildSettings = {
				ASSETCATALOG_COMPILER_APPICON_NAME = AppIcon;
				ASSETCATALOG_COMPILER_GLOBAL_ACCENT_COLOR_NAME = AccentColor;
				CODE_SIGN_STYLE = Automatic;
				CURRENT_PROJECT_VERSION = 1;
				DEVELOPMENT_ASSET_PATHS = "\"TapToShop/Preview Content\"";
				ENABLE_PREVIEWS = YES;
				GENERATE_INFOPLIST_FILE = YES;
				INFOPLIST_KEY_UIApplicationSceneManifest_Generation = YES;
				INFOPLIST_KEY_UIApplicationSupportsIndirectInputEvents = YES;
				INFOPLIST_KEY_UILaunchScreen_Generation = YES;
				INFOPLIST_KEY_UISupportedInterfaceOrientations_iPad = "UIInterfaceOrientationPortrait UIInterfaceOrientationPortraitUpsideDown UIInterfaceOrientationLandscapeLeft UIInterfaceOrientationLandscapeRight";
				INFOPLIST_KEY_UISupportedInterfaceOrientations_iPhone = "UIInterfaceOrientationPortrait UIInterfaceOrientationLandscapeLeft UIInterfaceOrientationLandscapeRight";
				IPHONEOS_DEPLOYMENT_TARGET = 15.0;
				LD_RUNPATH_SEARCH_PATHS = (
					"$(inherited)",
					"@executable_path/Frameworks",
				);
				MARKETING_VERSION = 1.0;
				PRODUCT_BUNDLE_IDENTIFIER = abc.TapToShop;
				PRODUCT_NAME = "$(TARGET_NAME)";
				SWIFT_EMIT_LOC_STRINGS = YES;
				SWIFT_VERSION = 5.0;
				TARGETED_DEVICE_FAMILY = "1,2";
			};
			name = Debug;
		};
		E69E34BB2B63727500C02167 /* Release */ = {
			isa = XCBuildConfiguration;
			buildSettings = {
				ASSETCATALOG_COMPILER_APPICON_NAME = AppIcon;
				ASSETCATALOG_COMPILER_GLOBAL_ACCENT_COLOR_NAME = AccentColor;
				CODE_SIGN_STYLE = Automatic;
				CURRENT_PROJECT_VERSION = 1;
				DEVELOPMENT_ASSET_PATHS = "\"TapToShop/Preview Content\"";
				ENABLE_PREVIEWS = YES;
				GENERATE_INFOPLIST_FILE = YES;
				INFOPLIST_KEY_UIApplicationSceneManifest_Generation = YES;
				INFOPLIST_KEY_UIApplicationSupportsIndirectInputEvents = YES;
				INFOPLIST_KEY_UILaunchScreen_Generation = YES;
				INFOPLIST_KEY_UISupportedInterfaceOrientations_iPad = "UIInterfaceOrientationPortrait UIInterfaceOrientationPortraitUpsideDown UIInterfaceOrientationLandscapeLeft UIInterfaceOrientationLandscapeRight";
				INFOPLIST_KEY_UISupportedInterfaceOrientations_iPhone = "UIInterfaceOrientationPortrait UIInterfaceOrientationLandscapeLeft UIInterfaceOrientationLandscapeRight";
				IPHONEOS_DEPLOYMENT_TARGET = 15.0;
				LD_RUNPATH_SEARCH_PATHS = (
					"$(inherited)",
					"@executable_path/Frameworks",
				);
				MARKETING_VERSION = 1.0;
				PRODUCT_BUNDLE_IDENTIFIER = abc.TapToShop;
				PRODUCT_NAME = "$(TARGET_NAME)";
				SWIFT_EMIT_LOC_STRINGS = YES;
				SWIFT_VERSION = 5.0;
				TARGETED_DEVICE_FAMILY = "1,2";
			};
			name = Release;
		};
/* End XCBuildConfiguration section */

/* Begin XCConfigurationList section */
		E69E34A62B63727300C02167 /* Build configuration list for PBXProject "TapToShop" */ = {
			isa = XCConfigurationList;
			buildConfigurations = (
				E69E34B72B63727500C02167 /* Debug */,
				E69E34B82B63727500C02167 /* Release */,
			);
			defaultConfigurationIsVisible = 0;
			defaultConfigurationName = Release;
		};
		E69E34B92B63727500C02167 /* Build configuration list for PBXNativeTarget "TapToShop" */ = {
			isa = XCConfigurationList;
			buildConfigurations = (
				E69E34BA2B63727500C02167 /* Debug */,
				E69E34BB2B63727500C02167 /* Release */,
			);
			defaultConfigurationIsVisible = 0;
			defaultConfigurationName = Release;
		};
/* End XCConfigurationList section */
	};
	rootObject = E69E34A32B63727300C02167 /* Project object */;
}
